PODS:
  - Cache (5.2.0)
  - CinnoxVisitorCoreSDK (1.0.0.2):
    - Cache (= 5.2.0)
    - Kingfisher (~> 7.6.2)
    - LiveConnectUIKit_iOS (= 3.12.0.82)
    - M800CallSDK (= 3.12.0.36)
    - M800MessageSDK (= 3.12.0.26)
    - SQLCipher (~> 4.5.1)
    - UIImageView-Letters (= 1.1.4)
    - Zip (~> 2.1.2)
  - CocoaMQTT (2.0.8):
    - CocoaMQTT/Core (= 2.0.8)
  - CocoaMQTT/Core (2.0.8):
    - MqttCocoaAsyncSocket (~> 1.0.6)
  - Kingfisher (7.6.2)
  - LiveConnectUIKit_iOS (3.12.0.82):
    - Cache (= 5.2.0)
    - Kingfisher (~> 7.6.2)
    - M800CallSDK (~> 3.12.0.36)
    - M800MessageSDK (~> 3.12.0.26)
    - SQLCipher (~> 4.5.1)
    - UIImageView-Letters (= 1.1.4)
    - Zip (~> 2.1.2)
  - M800CallSDK (3.12.0.36):
    - M800CoreSDK (~> 3.12.0.35)
    - M800WebRTC (~> 1.0.4.12)
  - M800CoreSDK (3.12.0.35):
    - CocoaMQTT (= 2.0.8)
    - Starscream (= 4.0.4)
  - M800MessageSDK (3.12.0.26):
    - M800CoreSDK (~> 3.12.0.35)
    - SwiftProtobuf (= 1.8.0)
    - SwiftSoup (= 2.3.8)
  - M800WebRTC (1.0.4.12)
  - MqttCocoaAsyncSocket (1.0.8)
  - SQLCipher (4.5.4):
    - SQLCipher/standard (= 4.5.4)
  - SQLCipher/common (4.5.4)
  - SQLCipher/standard (4.5.4):
    - SQLCipher/common
  - Starscream (4.0.4)
  - SwiftProtobuf (1.8.0)
  - SwiftSoup (2.3.8)
  - UIImageView-Letters (1.1.4)
  - Zip (2.1.2)

DEPENDENCIES:
  - CinnoxVisitorCoreSDK (= 1.0.0.2)

SPEC REPOS:
  https://github.com/CocoaPods/Specs:
    - Cache
    - CinnoxVisitorCoreSDK
    - CocoaMQTT
    - Kingfisher
    - LiveConnectUIKit_iOS
    - M800CallSDK
    - M800CoreSDK
    - M800MessageSDK
    - M800WebRTC
    - MqttCocoaAsyncSocket
    - SQLCipher
    - Starscream
    - SwiftProtobuf
    - SwiftSoup
    - UIImageView-Letters
    - Zip

SPEC CHECKSUMS:
  Cache: 807c5d86d01a177f06ede9865add3aea269bbfd4
  CinnoxVisitorCoreSDK: 8a8a4b40d28aeee823ccd17636eeef4b60065075
  CocoaMQTT: 684ad2bd374e9a8fc64e39235b0542a8c125390a
  Kingfisher: 6c5449c6450c5239166510ba04afe374a98afc4f
  LiveConnectUIKit_iOS: a34d000ec67cc61dd18578526db19c1ebec859ac
  M800CallSDK: 7b01cfbf9a938fed6df3fed86f99a43228d0938e
  M800CoreSDK: cdef58cd6eed2f718a988ba8b897a4e77bc08004
  M800MessageSDK: 9be3c98b910fc0e263517f78abac8643441d7504
  M800WebRTC: cb917f0b19199033ae6d7904148180564318eb03
  MqttCocoaAsyncSocket: 77d3b74f76228dd5a05d1f9526eab101d415b30c
  SQLCipher: 905b145f65f349f26da9e60a19901ad24adcd381
  Starscream: 5178aed56b316f13fa3bc55694e583d35dd414d9
  SwiftProtobuf: 2cbd9409689b7df170d82a92a33443c8e3e14a70
  SwiftSoup: ba8ea2c91151881a298cba4b0628ef31e835a77f
  UIImageView-Letters: f62db28076797adf3560ab7410647dc6899b9eef
  Zip: b3fef584b147b6e582b2256a9815c897d60ddc67

PODFILE CHECKSUM: bb2da3ca0aed60b7eb01abd1d3edffb70c9303d8

COCOAPODS: 1.12.1
